
Microsoft Visual Studio Solution File, Format Version 12.00
# Visual Studio Version 16
VisualStudioVersion = 16.0.31424.327
MinimumVisualStudioVersion = 10.0.40219.1
Project("{FAE04EC0-301F-11D3-BF4B-00C04F79EFBC}") = "SalesWebMVC", "SalesWebMVC\SalesWebMVC.csproj", "{B37380BD-F83C-4DAC-8242-58EF4E7CF7F8}"
EndProject
Global
	GlobalSection(SolutionConfigurationPlatforms) = preSolution
		Debug|Any CPU = Debug|Any CPU
		Release|Any CPU = Release|Any CPU
	EndGlobalSection
	GlobalSection(ProjectConfigurationPlatforms) = postSolution
		{B37380BD-F83C-4DAC-8242-58EF4E7CF7F8}.Debug|Any CPU.ActiveCfg = Debug|Any CPU
		{B37380BD-F83C-4DAC-8242-58EF4E7CF7F8}.Debug|Any CPU.Build.0 = Debug|Any CPU
		{B37380BD-F83C-4DAC-8242-58EF4E7CF7F8}.Release|Any CPU.ActiveCfg = Release|Any CPU
		{B37380BD-F83C-4DAC-8242-58EF4E7CF7F8}.Release|Any CPU.Build.0 = Release|Any CPU
	EndGlobalSection
	GlobalSection(SolutionProperties) = preSolution
		HideSolutionNode = FALSE
	EndGlobalSection
	GlobalSection(ExtensibilityGlobals) = postSolution
		SolutionGuid = {C4F03AC4-F7D7-4CA6-A58A-4D13847D1662}
	EndGlobalSection
EndGlobal
